
Microsoft Visual Studio Solution File, Format Version 12.00
# Visual Studio Version 16
VisualStudioVersion = 16.0.30621.155
MinimumVisualStudioVersion = 10.0.40219.1
Project("{FAE04EC0-301F-11D3-BF4B-00C04F79EFBC}") = "Schedule generator", "Schedule generator.csproj", "{5343234C-3B23-4157-AD7F-418DFE59AE24}"
EndProject
Global
	GlobalSection(SolutionConfigurationPlatforms) = preSolution
		Debug|Any CPU = Debug|Any CPU
		Release|Any CPU = Release|Any CPU
	EndGlobalSection
	GlobalSection(ProjectConfigurationPlatforms) = postSolution
		{5343234C-3B23-4157-AD7F-418DFE59AE24}.Debug|Any CPU.ActiveCfg = Debug|Any CPU
		{5343234C-3B23-4157-AD7F-418DFE59AE24}.Debug|Any CPU.Build.0 = Debug|Any CPU
		{5343234C-3B23-4157-AD7F-418DFE59AE24}.Release|Any CPU.ActiveCfg = Release|Any CPU
		{5343234C-3B23-4157-AD7F-418DFE59AE24}.Release|Any CPU.Build.0 = Release|Any CPU
	EndGlobalSection
	GlobalSection(SolutionProperties) = preSolution
		HideSolutionNode = FALSE
	EndGlobalSection
	GlobalSection(ExtensibilityGlobals) = postSolution
		SolutionGuid = {97CCC920-1372-4D44-BBE3-E26C21BF73AC}
	EndGlobalSection
EndGlobal
